
Microsoft Visual Studio Solution File, Format Version 12.00
# Visual Studio 14
VisualStudioVersion = 14.0.24720.0
MinimumVisualStudioVersion = 10.0.40219.1
Project("{FAE04EC0-301F-11D3-BF4B-00C04F79EFBC}") = "EyeCT4RailsUI", "EyeCT4RailsUI\EyeCT4RailsUI.csproj", "{124D6AFB-EBEB-418E-A3FD-178571A47403}"
EndProject
Project("{FAE04EC0-301F-11D3-BF4B-00C04F79EFBC}") = "EyeCT4RailsLib", "EyeCT4RailsLib\EyeCT4RailsLib.csproj", "{F7313DDB-A30D-4E74-992F-C4CCE8D8CBDC}"
EndProject
Global
	GlobalSection(SolutionConfigurationPlatforms) = preSolution
		Debug|Any CPU = Debug|Any CPU
		Release|Any CPU = Release|Any CPU
	EndGlobalSection
	GlobalSection(ProjectConfigurationPlatforms) = postSolution
		{124D6AFB-EBEB-418E-A3FD-178571A47403}.Debug|Any CPU.ActiveCfg = Debug|Any CPU
		{124D6AFB-EBEB-418E-A3FD-178571A47403}.Debug|Any CPU.Build.0 = Debug|Any CPU
		{124D6AFB-EBEB-418E-A3FD-178571A47403}.Release|Any CPU.ActiveCfg = Release|Any CPU
		{124D6AFB-EBEB-418E-A3FD-178571A47403}.Release|Any CPU.Build.0 = Release|Any CPU
		{F7313DDB-A30D-4E74-992F-C4CCE8D8CBDC}.Debug|Any CPU.ActiveCfg = Debug|Any CPU
		{F7313DDB-A30D-4E74-992F-C4CCE8D8CBDC}.Debug|Any CPU.Build.0 = Debug|Any CPU
		{F7313DDB-A30D-4E74-992F-C4CCE8D8CBDC}.Release|Any CPU.ActiveCfg = Release|Any CPU
		{F7313DDB-A30D-4E74-992F-C4CCE8D8CBDC}.Release|Any CPU.Build.0 = Release|Any CPU
	EndGlobalSection
	GlobalSection(SolutionProperties) = preSolution
		HideSolutionNode = FALSE
	EndGlobalSection
EndGlobal
